
Microsoft Visual Studio Solution File, Format Version 12.00
# Visual Studio 2012
Project("{2150E333-8FDC-42A3-9474-1A3956D46DE8}") = ".nuget", ".nuget", "{9F01B93F-0AEC-4533-A48D-7D386C8E8041}"
	ProjectSection(SolutionItems) = preProject
		.nuget\NuGet.Config = .nuget\NuGet.Config
		.nuget\NuGet.exe = .nuget\NuGet.exe
		.nuget\NuGet.targets = .nuget\NuGet.targets
	EndProjectSection
EndProject
Project("{2150E333-8FDC-42A3-9474-1A3956D46DE8}") = "VetMed", "VetMed", "{7F788BE7-5A54-4A0F-AC5A-9B3413A2A1B1}"
	ProjectSection(SolutionItems) = preProject
		README.txt = README.txt
	EndProjectSection
EndProject
Project("{2150E333-8FDC-42A3-9474-1A3956D46DE8}") = "Tests", "Tests", "{5DF51CCE-C737-4F01-BDCB-4F86A8B0805D}"
EndProject
Project("{FAE04EC0-301F-11D3-BF4B-00C04F79EFBC}") = "VetMed.Tests", "VetMed.Tests\VetMed.Tests.csproj", "{3EE18366-E7E6-4F21-ADD5-A0C900FC2D41}"
EndProject
Project("{2150E333-8FDC-42A3-9474-1A3956D46DE8}") = "Model", "Model", "{DA4682AB-B5DB-48DE-A6E5-913DDA8A6AEF}"
EndProject
Project("{FAE04EC0-301F-11D3-BF4B-00C04F79EFBC}") = "VetMed.Model", "VetMed.Model\VetMed.Model.csproj", "{1FA3304D-BA1D-4D3C-AE41-DD80D1AC31FC}"
EndProject
Project("{2150E333-8FDC-42A3-9474-1A3956D46DE8}") = "PerfectPet", "PerfectPet", "{F2BC0A3B-734E-42DB-95AE-1E12C237D7E9}"
EndProject
Project("{2150E333-8FDC-42A3-9474-1A3956D46DE8}") = "Domain", "Domain", "{E8C74184-67F6-4ADB-877E-86DB605B16C2}"
EndProject
Project("{FAE04EC0-301F-11D3-BF4B-00C04F79EFBC}") = "PerfectPet.Model", "PerfectPet.Model\PerfectPet.Model.csproj", "{F01A014E-3AB4-40EE-A90C-E57150A0ACBE}"
EndProject
Project("{2150E333-8FDC-42A3-9474-1A3956D46DE8}") = "Tests", "Tests", "{F55A64AA-ABCD-488D-ABAA-6E131B536FAE}"
EndProject
Project("{FAE04EC0-301F-11D3-BF4B-00C04F79EFBC}") = "PerfectPet.Tests", "PerfectPet.Tests\PerfectPet.Tests.csproj", "{EC3FEF62-2933-4726-B353-B875B0754999}"
EndProject
Project("{2150E333-8FDC-42A3-9474-1A3956D46DE8}") = "UI", "UI", "{36911F38-7BBF-482E-A731-6380CD052838}"
EndProject
Project("{2150E333-8FDC-42A3-9474-1A3956D46DE8}") = "Desktop", "Desktop", "{F0B16422-95A1-44E0-8957-813354F112DD}"
EndProject
Project("{FAE04EC0-301F-11D3-BF4B-00C04F79EFBC}") = "PerfectPet", "PerfectPet\PerfectPet.csproj", "{0B268F4D-DC50-425C-B332-703B52157106}"
EndProject
Project("{2150E333-8FDC-42A3-9474-1A3956D46DE8}") = "Web", "Web", "{1587946E-8B18-40ED-8688-166B54BA43A4}"
EndProject
Project("{2150E333-8FDC-42A3-9474-1A3956D46DE8}") = "UI", "UI", "{6015F8A1-F21B-4A8A-8640-42F45C36D20F}"
EndProject
Project("{FAE04EC0-301F-11D3-BF4B-00C04F79EFBC}") = "StaticConsulting.Web", "UI\Web\StaticConsulting.Web.csproj", "{6730F776-CA89-4AC5-AA95-C5B52959B818}"
EndProject
Project("{FAE04EC0-301F-11D3-BF4B-00C04F79EFBC}") = "Web.Tests", "UI\Web.Tests\Web.Tests.csproj", "{C7DEA242-1F46-409A-8074-EDE4B2C826A3}"
EndProject
Project("{2150E333-8FDC-42A3-9474-1A3956D46DE8}") = "Domain", "Domain", "{FFB7CC24-AB69-4B6C-83DB-F1B74555974E}"
EndProject
Project("{FAE04EC0-301F-11D3-BF4B-00C04F79EFBC}") = "StaticConsulting.Model", "Domain\StaticConsulting.Model\StaticConsulting.Model.csproj", "{1D3A004D-3797-4C01-A099-C99525456D46}"
EndProject
Project("{2150E333-8FDC-42A3-9474-1A3956D46DE8}") = "Validation", "Validation", "{AD9DB4A3-33A7-4F25-9DAE-2CFE680AA790}"
EndProject
Project("{FAE04EC0-301F-11D3-BF4B-00C04F79EFBC}") = "ValidationFramework", "ValidationFramework\ValidationFramework.csproj", "{54E9E5EF-D10F-4D66-A313-E640CD830A4A}"
EndProject
Project("{2150E333-8FDC-42A3-9474-1A3956D46DE8}") = "MyPetStatus", "MyPetStatus", "{FCBCC341-1302-4088-A1FE-305D0E598D8B}"
EndProject
Project("{2150E333-8FDC-42A3-9474-1A3956D46DE8}") = "Domain", "Domain", "{5F0BB683-20E5-4D88-9A5E-DF7E6A2156EF}"
EndProject
Project("{2150E333-8FDC-42A3-9474-1A3956D46DE8}") = "Tests", "Tests", "{53E4DE5E-AD99-44F4-BB7A-24C4969BC196}"
EndProject
Project("{2150E333-8FDC-42A3-9474-1A3956D46DE8}") = "UI", "UI", "{70DE6670-B6D3-489E-9C14-CA6B56059446}"
EndProject
Project("{2150E333-8FDC-42A3-9474-1A3956D46DE8}") = "Service", "Service", "{C90BE0A5-92FB-4EE8-AA71-920AD11213FE}"
EndProject
Project("{FAE04EC0-301F-11D3-BF4B-00C04F79EFBC}") = "MyPetStatus.Model", "MyPetStatus.Model\MyPetStatus.Model.csproj", "{38680A97-3C6C-47E0-8358-AACB8CE181AE}"
EndProject
Project("{FAE04EC0-301F-11D3-BF4B-00C04F79EFBC}") = "MyPetStatus.Service", "MyPetStatus.Service\MyPetStatus.Service.csproj", "{C02D48B6-BD8C-4F47-BBD9-4C8DA15E8A18}"
EndProject
Project("{2150E333-8FDC-42A3-9474-1A3956D46DE8}") = "Installer", "Installer", "{865D7DF0-3F51-4465-90C1-B6073A876F32}"
EndProject
Project("{6141683F-8A12-4E36-9623-2EB02B2C2303}") = "Setup1", "PerfectPet.Installer\Setup1\Setup1.isproj", "{32DF8DD2-F038-451C-8653-D93BA2ED9CBE}"
EndProject
Project("{2150E333-8FDC-42A3-9474-1A3956D46DE8}") = "ACH", "ACH", "{D69B3147-012E-4DBB-84C9-F6614AB7C3A1}"
EndProject
Project("{2150E333-8FDC-42A3-9474-1A3956D46DE8}") = "Domain", "Domain", "{B74FD023-954B-46B9-93F6-162D33CEE0DF}"
EndProject
Project("{2150E333-8FDC-42A3-9474-1A3956D46DE8}") = "Tests", "Tests", "{6B447AE2-BBD0-43C2-ACF1-D5FEC44221B2}"
EndProject
Project("{FAE04EC0-301F-11D3-BF4B-00C04F79EFBC}") = "ACH.Model", "ACH.Model\ACH.Model.csproj", "{66C107AC-8765-4D7A-9306-6EB07B602157}"
EndProject
Project("{FAE04EC0-301F-11D3-BF4B-00C04F79EFBC}") = "ACH.FileGeneration", "ACH.FileGeneration\ACH.FileGeneration.csproj", "{8C91C832-D3E0-41B9-BEF1-4B2EF014F713}"
EndProject
Project("{FAE04EC0-301F-11D3-BF4B-00C04F79EFBC}") = "ACH.Shared", "ACH.Shared\ACH.Shared.csproj", "{3FE836F7-151D-4C2B-AFE9-E25DC232F4E9}"
EndProject
Project("{2150E333-8FDC-42A3-9474-1A3956D46DE8}") = "Common", "Common", "{E5383B61-6B84-4EF0-840A-38132152D8C1}"
EndProject
Project("{2150E333-8FDC-42A3-9474-1A3956D46DE8}") = "IO", "IO", "{DB0E980B-DF49-4D95-8233-F0AE66CADD99}"
EndProject
Global
	GlobalSection(SolutionConfigurationPlatforms) = preSolution
		CD_ROM|Any CPU = CD_ROM|Any CPU
		Debug|Any CPU = Debug|Any CPU
		DVD-5|Any CPU = DVD-5|Any CPU
		Release|Any CPU = Release|Any CPU
		SingleImage|Any CPU = SingleImage|Any CPU
	EndGlobalSection
	GlobalSection(ProjectConfigurationPlatforms) = postSolution
		{3EE18366-E7E6-4F21-ADD5-A0C900FC2D41}.CD_ROM|Any CPU.ActiveCfg = Release|Any CPU
		{3EE18366-E7E6-4F21-ADD5-A0C900FC2D41}.CD_ROM|Any CPU.Build.0 = Release|Any CPU
		{3EE18366-E7E6-4F21-ADD5-A0C900FC2D41}.Debug|Any CPU.ActiveCfg = Debug|Any CPU
		{3EE18366-E7E6-4F21-ADD5-A0C900FC2D41}.Debug|Any CPU.Build.0 = Debug|Any CPU
		{3EE18366-E7E6-4F21-ADD5-A0C900FC2D41}.DVD-5|Any CPU.ActiveCfg = Debug|Any CPU
		{3EE18366-E7E6-4F21-ADD5-A0C900FC2D41}.DVD-5|Any CPU.Build.0 = Debug|Any CPU
		{3EE18366-E7E6-4F21-ADD5-A0C900FC2D41}.Release|Any CPU.ActiveCfg = Release|Any CPU
		{3EE18366-E7E6-4F21-ADD5-A0C900FC2D41}.Release|Any CPU.Build.0 = Release|Any CPU
		{3EE18366-E7E6-4F21-ADD5-A0C900FC2D41}.SingleImage|Any CPU.ActiveCfg = Release|Any CPU
		{3EE18366-E7E6-4F21-ADD5-A0C900FC2D41}.SingleImage|Any CPU.Build.0 = Release|Any CPU
		{1FA3304D-BA1D-4D3C-AE41-DD80D1AC31FC}.CD_ROM|Any CPU.ActiveCfg = Release|Any CPU
		{1FA3304D-BA1D-4D3C-AE41-DD80D1AC31FC}.CD_ROM|Any CPU.Build.0 = Release|Any CPU
		{1FA3304D-BA1D-4D3C-AE41-DD80D1AC31FC}.Debug|Any CPU.ActiveCfg = Debug|Any CPU
		{1FA3304D-BA1D-4D3C-AE41-DD80D1AC31FC}.Debug|Any CPU.Build.0 = Debug|Any CPU
		{1FA3304D-BA1D-4D3C-AE41-DD80D1AC31FC}.DVD-5|Any CPU.ActiveCfg = Debug|Any CPU
		{1FA3304D-BA1D-4D3C-AE41-DD80D1AC31FC}.DVD-5|Any CPU.Build.0 = Debug|Any CPU
		{1FA3304D-BA1D-4D3C-AE41-DD80D1AC31FC}.Release|Any CPU.ActiveCfg = Release|Any CPU
		{1FA3304D-BA1D-4D3C-AE41-DD80D1AC31FC}.Release|Any CPU.Build.0 = Release|Any CPU
		{1FA3304D-BA1D-4D3C-AE41-DD80D1AC31FC}.SingleImage|Any CPU.ActiveCfg = Release|Any CPU
		{1FA3304D-BA1D-4D3C-AE41-DD80D1AC31FC}.SingleImage|Any CPU.Build.0 = Release|Any CPU
		{F01A014E-3AB4-40EE-A90C-E57150A0ACBE}.CD_ROM|Any CPU.ActiveCfg = Release|Any CPU
		{F01A014E-3AB4-40EE-A90C-E57150A0ACBE}.CD_ROM|Any CPU.Build.0 = Release|Any CPU
		{F01A014E-3AB4-40EE-A90C-E57150A0ACBE}.Debug|Any CPU.ActiveCfg = Debug|Any CPU
		{F01A014E-3AB4-40EE-A90C-E57150A0ACBE}.Debug|Any CPU.Build.0 = Debug|Any CPU
		{F01A014E-3AB4-40EE-A90C-E57150A0ACBE}.DVD-5|Any CPU.ActiveCfg = Debug|Any CPU
		{F01A014E-3AB4-40EE-A90C-E57150A0ACBE}.DVD-5|Any CPU.Build.0 = Debug|Any CPU
		{F01A014E-3AB4-40EE-A90C-E57150A0ACBE}.Release|Any CPU.ActiveCfg = Release|Any CPU
		{F01A014E-3AB4-40EE-A90C-E57150A0ACBE}.Release|Any CPU.Build.0 = Release|Any CPU
		{F01A014E-3AB4-40EE-A90C-E57150A0ACBE}.SingleImage|Any CPU.ActiveCfg = Release|Any CPU
		{F01A014E-3AB4-40EE-A90C-E57150A0ACBE}.SingleImage|Any CPU.Build.0 = Release|Any CPU
		{EC3FEF62-2933-4726-B353-B875B0754999}.CD_ROM|Any CPU.ActiveCfg = Release|Any CPU
		{EC3FEF62-2933-4726-B353-B875B0754999}.CD_ROM|Any CPU.Build.0 = Release|Any CPU
		{EC3FEF62-2933-4726-B353-B875B0754999}.Debug|Any CPU.ActiveCfg = Debug|Any CPU
		{EC3FEF62-2933-4726-B353-B875B0754999}.Debug|Any CPU.Build.0 = Debug|Any CPU
		{EC3FEF62-2933-4726-B353-B875B0754999}.DVD-5|Any CPU.ActiveCfg = Debug|Any CPU
		{EC3FEF62-2933-4726-B353-B875B0754999}.DVD-5|Any CPU.Build.0 = Debug|Any CPU
		{EC3FEF62-2933-4726-B353-B875B0754999}.Release|Any CPU.ActiveCfg = Release|Any CPU
		{EC3FEF62-2933-4726-B353-B875B0754999}.Release|Any CPU.Build.0 = Release|Any CPU
		{EC3FEF62-2933-4726-B353-B875B0754999}.SingleImage|Any CPU.ActiveCfg = Release|Any CPU
		{EC3FEF62-2933-4726-B353-B875B0754999}.SingleImage|Any CPU.Build.0 = Release|Any CPU
		{0B268F4D-DC50-425C-B332-703B52157106}.CD_ROM|Any CPU.ActiveCfg = Release|Any CPU
		{0B268F4D-DC50-425C-B332-703B52157106}.CD_ROM|Any CPU.Build.0 = Release|Any CPU
		{0B268F4D-DC50-425C-B332-703B52157106}.Debug|Any CPU.ActiveCfg = Debug|Any CPU
		{0B268F4D-DC50-425C-B332-703B52157106}.Debug|Any CPU.Build.0 = Debug|Any CPU
		{0B268F4D-DC50-425C-B332-703B52157106}.DVD-5|Any CPU.ActiveCfg = Debug|Any CPU
		{0B268F4D-DC50-425C-B332-703B52157106}.DVD-5|Any CPU.Build.0 = Debug|Any CPU
		{0B268F4D-DC50-425C-B332-703B52157106}.Release|Any CPU.ActiveCfg = Release|Any CPU
		{0B268F4D-DC50-425C-B332-703B52157106}.Release|Any CPU.Build.0 = Release|Any CPU
		{0B268F4D-DC50-425C-B332-703B52157106}.SingleImage|Any CPU.ActiveCfg = Release|Any CPU
		{0B268F4D-DC50-425C-B332-703B52157106}.SingleImage|Any CPU.Build.0 = Release|Any CPU
		{6730F776-CA89-4AC5-AA95-C5B52959B818}.CD_ROM|Any CPU.ActiveCfg = Release|Any CPU
		{6730F776-CA89-4AC5-AA95-C5B52959B818}.CD_ROM|Any CPU.Build.0 = Release|Any CPU
		{6730F776-CA89-4AC5-AA95-C5B52959B818}.Debug|Any CPU.ActiveCfg = Debug|Any CPU
		{6730F776-CA89-4AC5-AA95-C5B52959B818}.Debug|Any CPU.Build.0 = Debug|Any CPU
		{6730F776-CA89-4AC5-AA95-C5B52959B818}.DVD-5|Any CPU.ActiveCfg = Debug|Any CPU
		{6730F776-CA89-4AC5-AA95-C5B52959B818}.DVD-5|Any CPU.Build.0 = Debug|Any CPU
		{6730F776-CA89-4AC5-AA95-C5B52959B818}.Release|Any CPU.ActiveCfg = Release|Any CPU
		{6730F776-CA89-4AC5-AA95-C5B52959B818}.Release|Any CPU.Build.0 = Release|Any CPU
		{6730F776-CA89-4AC5-AA95-C5B52959B818}.SingleImage|Any CPU.ActiveCfg = Release|Any CPU
		{6730F776-CA89-4AC5-AA95-C5B52959B818}.SingleImage|Any CPU.Build.0 = Release|Any CPU
		{C7DEA242-1F46-409A-8074-EDE4B2C826A3}.CD_ROM|Any CPU.ActiveCfg = Release|Any CPU
		{C7DEA242-1F46-409A-8074-EDE4B2C826A3}.CD_ROM|Any CPU.Build.0 = Release|Any CPU
		{C7DEA242-1F46-409A-8074-EDE4B2C826A3}.Debug|Any CPU.ActiveCfg = Debug|Any CPU
		{C7DEA242-1F46-409A-8074-EDE4B2C826A3}.Debug|Any CPU.Build.0 = Debug|Any CPU
		{C7DEA242-1F46-409A-8074-EDE4B2C826A3}.DVD-5|Any CPU.ActiveCfg = Debug|Any CPU
		{C7DEA242-1F46-409A-8074-EDE4B2C826A3}.DVD-5|Any CPU.Build.0 = Debug|Any CPU
		{C7DEA242-1F46-409A-8074-EDE4B2C826A3}.Release|Any CPU.ActiveCfg = Release|Any CPU
		{C7DEA242-1F46-409A-8074-EDE4B2C826A3}.Release|Any CPU.Build.0 = Release|Any CPU
		{C7DEA242-1F46-409A-8074-EDE4B2C826A3}.SingleImage|Any CPU.ActiveCfg = Release|Any CPU
		{C7DEA242-1F46-409A-8074-EDE4B2C826A3}.SingleImage|Any CPU.Build.0 = Release|Any CPU
		{1D3A004D-3797-4C01-A099-C99525456D46}.CD_ROM|Any CPU.ActiveCfg = Release|Any CPU
		{1D3A004D-3797-4C01-A099-C99525456D46}.CD_ROM|Any CPU.Build.0 = Release|Any CPU
		{1D3A004D-3797-4C01-A099-C99525456D46}.Debug|Any CPU.ActiveCfg = Debug|Any CPU
		{1D3A004D-3797-4C01-A099-C99525456D46}.Debug|Any CPU.Build.0 = Debug|Any CPU
		{1D3A004D-3797-4C01-A099-C99525456D46}.DVD-5|Any CPU.ActiveCfg = Debug|Any CPU
		{1D3A004D-3797-4C01-A099-C99525456D46}.DVD-5|Any CPU.Build.0 = Debug|Any CPU
		{1D3A004D-3797-4C01-A099-C99525456D46}.Release|Any CPU.ActiveCfg = Release|Any CPU
		{1D3A004D-3797-4C01-A099-C99525456D46}.Release|Any CPU.Build.0 = Release|Any CPU
		{1D3A004D-3797-4C01-A099-C99525456D46}.SingleImage|Any CPU.ActiveCfg = Release|Any CPU
		{1D3A004D-3797-4C01-A099-C99525456D46}.SingleImage|Any CPU.Build.0 = Release|Any CPU
		{54E9E5EF-D10F-4D66-A313-E640CD830A4A}.CD_ROM|Any CPU.ActiveCfg = Release|Any CPU
		{54E9E5EF-D10F-4D66-A313-E640CD830A4A}.CD_ROM|Any CPU.Build.0 = Release|Any CPU
		{54E9E5EF-D10F-4D66-A313-E640CD830A4A}.Debug|Any CPU.ActiveCfg = Debug|Any CPU
		{54E9E5EF-D10F-4D66-A313-E640CD830A4A}.Debug|Any CPU.Build.0 = Debug|Any CPU
		{54E9E5EF-D10F-4D66-A313-E640CD830A4A}.DVD-5|Any CPU.ActiveCfg = Debug|Any CPU
		{54E9E5EF-D10F-4D66-A313-E640CD830A4A}.DVD-5|Any CPU.Build.0 = Debug|Any CPU
		{54E9E5EF-D10F-4D66-A313-E640CD830A4A}.Release|Any CPU.ActiveCfg = Release|Any CPU
		{54E9E5EF-D10F-4D66-A313-E640CD830A4A}.Release|Any CPU.Build.0 = Release|Any CPU
		{54E9E5EF-D10F-4D66-A313-E640CD830A4A}.SingleImage|Any CPU.ActiveCfg = Release|Any CPU
		{54E9E5EF-D10F-4D66-A313-E640CD830A4A}.SingleImage|Any CPU.Build.0 = Release|Any CPU
		{38680A97-3C6C-47E0-8358-AACB8CE181AE}.CD_ROM|Any CPU.ActiveCfg = Release|Any CPU
		{38680A97-3C6C-47E0-8358-AACB8CE181AE}.CD_ROM|Any CPU.Build.0 = Release|Any CPU
		{38680A97-3C6C-47E0-8358-AACB8CE181AE}.Debug|Any CPU.ActiveCfg = Debug|Any CPU
		{38680A97-3C6C-47E0-8358-AACB8CE181AE}.Debug|Any CPU.Build.0 = Debug|Any CPU
		{38680A97-3C6C-47E0-8358-AACB8CE181AE}.DVD-5|Any CPU.ActiveCfg = Debug|Any CPU
		{38680A97-3C6C-47E0-8358-AACB8CE181AE}.DVD-5|Any CPU.Build.0 = Debug|Any CPU
		{38680A97-3C6C-47E0-8358-AACB8CE181AE}.Release|Any CPU.ActiveCfg = Release|Any CPU
		{38680A97-3C6C-47E0-8358-AACB8CE181AE}.Release|Any CPU.Build.0 = Release|Any CPU
		{38680A97-3C6C-47E0-8358-AACB8CE181AE}.SingleImage|Any CPU.ActiveCfg = Release|Any CPU
		{38680A97-3C6C-47E0-8358-AACB8CE181AE}.SingleImage|Any CPU.Build.0 = Release|Any CPU
		{C02D48B6-BD8C-4F47-BBD9-4C8DA15E8A18}.CD_ROM|Any CPU.ActiveCfg = Release|Any CPU
		{C02D48B6-BD8C-4F47-BBD9-4C8DA15E8A18}.CD_ROM|Any CPU.Build.0 = Release|Any CPU
		{C02D48B6-BD8C-4F47-BBD9-4C8DA15E8A18}.Debug|Any CPU.ActiveCfg = Debug|Any CPU
		{C02D48B6-BD8C-4F47-BBD9-4C8DA15E8A18}.Debug|Any CPU.Build.0 = Debug|Any CPU
		{C02D48B6-BD8C-4F47-BBD9-4C8DA15E8A18}.DVD-5|Any CPU.ActiveCfg = Debug|Any CPU
		{C02D48B6-BD8C-4F47-BBD9-4C8DA15E8A18}.DVD-5|Any CPU.Build.0 = Debug|Any CPU
		{C02D48B6-BD8C-4F47-BBD9-4C8DA15E8A18}.Release|Any CPU.ActiveCfg = Release|Any CPU
		{C02D48B6-BD8C-4F47-BBD9-4C8DA15E8A18}.Release|Any CPU.Build.0 = Release|Any CPU
		{C02D48B6-BD8C-4F47-BBD9-4C8DA15E8A18}.SingleImage|Any CPU.ActiveCfg = Release|Any CPU
		{C02D48B6-BD8C-4F47-BBD9-4C8DA15E8A18}.SingleImage|Any CPU.Build.0 = Release|Any CPU
		{32DF8DD2-F038-451C-8653-D93BA2ED9CBE}.CD_ROM|Any CPU.ActiveCfg = CD_ROM
		{32DF8DD2-F038-451C-8653-D93BA2ED9CBE}.CD_ROM|Any CPU.Build.0 = CD_ROM
		{32DF8DD2-F038-451C-8653-D93BA2ED9CBE}.Debug|Any CPU.ActiveCfg = DVD-5
		{32DF8DD2-F038-451C-8653-D93BA2ED9CBE}.Debug|Any CPU.Build.0 = DVD-5
		{32DF8DD2-F038-451C-8653-D93BA2ED9CBE}.DVD-5|Any CPU.ActiveCfg = DVD-5
		{32DF8DD2-F038-451C-8653-D93BA2ED9CBE}.DVD-5|Any CPU.Build.0 = DVD-5
		{32DF8DD2-F038-451C-8653-D93BA2ED9CBE}.Release|Any CPU.ActiveCfg = SingleImage
		{32DF8DD2-F038-451C-8653-D93BA2ED9CBE}.Release|Any CPU.Build.0 = SingleImage
		{32DF8DD2-F038-451C-8653-D93BA2ED9CBE}.SingleImage|Any CPU.ActiveCfg = SingleImage
		{32DF8DD2-F038-451C-8653-D93BA2ED9CBE}.SingleImage|Any CPU.Build.0 = SingleImage
		{66C107AC-8765-4D7A-9306-6EB07B602157}.CD_ROM|Any CPU.ActiveCfg = Release|Any CPU
		{66C107AC-8765-4D7A-9306-6EB07B602157}.CD_ROM|Any CPU.Build.0 = Release|Any CPU
		{66C107AC-8765-4D7A-9306-6EB07B602157}.Debug|Any CPU.ActiveCfg = Debug|Any CPU
		{66C107AC-8765-4D7A-9306-6EB07B602157}.Debug|Any CPU.Build.0 = Debug|Any CPU
		{66C107AC-8765-4D7A-9306-6EB07B602157}.DVD-5|Any CPU.ActiveCfg = Debug|Any CPU
		{66C107AC-8765-4D7A-9306-6EB07B602157}.DVD-5|Any CPU.Build.0 = Debug|Any CPU
		{66C107AC-8765-4D7A-9306-6EB07B602157}.Release|Any CPU.ActiveCfg = Release|Any CPU
		{66C107AC-8765-4D7A-9306-6EB07B602157}.Release|Any CPU.Build.0 = Release|Any CPU
		{66C107AC-8765-4D7A-9306-6EB07B602157}.SingleImage|Any CPU.ActiveCfg = Release|Any CPU
		{66C107AC-8765-4D7A-9306-6EB07B602157}.SingleImage|Any CPU.Build.0 = Release|Any CPU
		{8C91C832-D3E0-41B9-BEF1-4B2EF014F713}.CD_ROM|Any CPU.ActiveCfg = Release|Any CPU
		{8C91C832-D3E0-41B9-BEF1-4B2EF014F713}.CD_ROM|Any CPU.Build.0 = Release|Any CPU
		{8C91C832-D3E0-41B9-BEF1-4B2EF014F713}.Debug|Any CPU.ActiveCfg = Debug|Any CPU
		{8C91C832-D3E0-41B9-BEF1-4B2EF014F713}.Debug|Any CPU.Build.0 = Debug|Any CPU
		{8C91C832-D3E0-41B9-BEF1-4B2EF014F713}.DVD-5|Any CPU.ActiveCfg = Debug|Any CPU
		{8C91C832-D3E0-41B9-BEF1-4B2EF014F713}.DVD-5|Any CPU.Build.0 = Debug|Any CPU
		{8C91C832-D3E0-41B9-BEF1-4B2EF014F713}.Release|Any CPU.ActiveCfg = Release|Any CPU
		{8C91C832-D3E0-41B9-BEF1-4B2EF014F713}.Release|Any CPU.Build.0 = Release|Any CPU
		{8C91C832-D3E0-41B9-BEF1-4B2EF014F713}.SingleImage|Any CPU.ActiveCfg = Release|Any CPU
		{8C91C832-D3E0-41B9-BEF1-4B2EF014F713}.SingleImage|Any CPU.Build.0 = Release|Any CPU
		{3FE836F7-151D-4C2B-AFE9-E25DC232F4E9}.CD_ROM|Any CPU.ActiveCfg = Release|Any CPU
		{3FE836F7-151D-4C2B-AFE9-E25DC232F4E9}.CD_ROM|Any CPU.Build.0 = Release|Any CPU
		{3FE836F7-151D-4C2B-AFE9-E25DC232F4E9}.Debug|Any CPU.ActiveCfg = Debug|Any CPU
		{3FE836F7-151D-4C2B-AFE9-E25DC232F4E9}.Debug|Any CPU.Build.0 = Debug|Any CPU
		{3FE836F7-151D-4C2B-AFE9-E25DC232F4E9}.DVD-5|Any CPU.ActiveCfg = Debug|Any CPU
		{3FE836F7-151D-4C2B-AFE9-E25DC232F4E9}.DVD-5|Any CPU.Build.0 = Debug|Any CPU
		{3FE836F7-151D-4C2B-AFE9-E25DC232F4E9}.Release|Any CPU.ActiveCfg = Release|Any CPU
		{3FE836F7-151D-4C2B-AFE9-E25DC232F4E9}.Release|Any CPU.Build.0 = Release|Any CPU
		{3FE836F7-151D-4C2B-AFE9-E25DC232F4E9}.SingleImage|Any CPU.ActiveCfg = Release|Any CPU
		{3FE836F7-151D-4C2B-AFE9-E25DC232F4E9}.SingleImage|Any CPU.Build.0 = Release|Any CPU
	EndGlobalSection
	GlobalSection(SolutionProperties) = preSolution
		HideSolutionNode = FALSE
	EndGlobalSection
	GlobalSection(NestedProjects) = preSolution
		{5DF51CCE-C737-4F01-BDCB-4F86A8B0805D} = {7F788BE7-5A54-4A0F-AC5A-9B3413A2A1B1}
		{DA4682AB-B5DB-48DE-A6E5-913DDA8A6AEF} = {7F788BE7-5A54-4A0F-AC5A-9B3413A2A1B1}
		{3EE18366-E7E6-4F21-ADD5-A0C900FC2D41} = {5DF51CCE-C737-4F01-BDCB-4F86A8B0805D}
		{1FA3304D-BA1D-4D3C-AE41-DD80D1AC31FC} = {DA4682AB-B5DB-48DE-A6E5-913DDA8A6AEF}
		{E8C74184-67F6-4ADB-877E-86DB605B16C2} = {F2BC0A3B-734E-42DB-95AE-1E12C237D7E9}
		{F55A64AA-ABCD-488D-ABAA-6E131B536FAE} = {F2BC0A3B-734E-42DB-95AE-1E12C237D7E9}
		{36911F38-7BBF-482E-A731-6380CD052838} = {F2BC0A3B-734E-42DB-95AE-1E12C237D7E9}
		{865D7DF0-3F51-4465-90C1-B6073A876F32} = {F2BC0A3B-734E-42DB-95AE-1E12C237D7E9}
		{F01A014E-3AB4-40EE-A90C-E57150A0ACBE} = {E8C74184-67F6-4ADB-877E-86DB605B16C2}
		{EC3FEF62-2933-4726-B353-B875B0754999} = {F55A64AA-ABCD-488D-ABAA-6E131B536FAE}
		{F0B16422-95A1-44E0-8957-813354F112DD} = {36911F38-7BBF-482E-A731-6380CD052838}
		{1587946E-8B18-40ED-8688-166B54BA43A4} = {36911F38-7BBF-482E-A731-6380CD052838}
		{0B268F4D-DC50-425C-B332-703B52157106} = {F0B16422-95A1-44E0-8957-813354F112DD}
		{6730F776-CA89-4AC5-AA95-C5B52959B818} = {6015F8A1-F21B-4A8A-8640-42F45C36D20F}
		{C7DEA242-1F46-409A-8074-EDE4B2C826A3} = {6015F8A1-F21B-4A8A-8640-42F45C36D20F}
		{1D3A004D-3797-4C01-A099-C99525456D46} = {FFB7CC24-AB69-4B6C-83DB-F1B74555974E}
		{54E9E5EF-D10F-4D66-A313-E640CD830A4A} = {AD9DB4A3-33A7-4F25-9DAE-2CFE680AA790}
		{5F0BB683-20E5-4D88-9A5E-DF7E6A2156EF} = {FCBCC341-1302-4088-A1FE-305D0E598D8B}
		{53E4DE5E-AD99-44F4-BB7A-24C4969BC196} = {FCBCC341-1302-4088-A1FE-305D0E598D8B}
		{70DE6670-B6D3-489E-9C14-CA6B56059446} = {FCBCC341-1302-4088-A1FE-305D0E598D8B}
		{C90BE0A5-92FB-4EE8-AA71-920AD11213FE} = {FCBCC341-1302-4088-A1FE-305D0E598D8B}
		{38680A97-3C6C-47E0-8358-AACB8CE181AE} = {5F0BB683-20E5-4D88-9A5E-DF7E6A2156EF}
		{C02D48B6-BD8C-4F47-BBD9-4C8DA15E8A18} = {C90BE0A5-92FB-4EE8-AA71-920AD11213FE}
		{32DF8DD2-F038-451C-8653-D93BA2ED9CBE} = {865D7DF0-3F51-4465-90C1-B6073A876F32}
		{B74FD023-954B-46B9-93F6-162D33CEE0DF} = {D69B3147-012E-4DBB-84C9-F6614AB7C3A1}
		{6B447AE2-BBD0-43C2-ACF1-D5FEC44221B2} = {D69B3147-012E-4DBB-84C9-F6614AB7C3A1}
		{E5383B61-6B84-4EF0-840A-38132152D8C1} = {D69B3147-012E-4DBB-84C9-F6614AB7C3A1}
		{DB0E980B-DF49-4D95-8233-F0AE66CADD99} = {D69B3147-012E-4DBB-84C9-F6614AB7C3A1}
		{66C107AC-8765-4D7A-9306-6EB07B602157} = {B74FD023-954B-46B9-93F6-162D33CEE0DF}
		{3FE836F7-151D-4C2B-AFE9-E25DC232F4E9} = {E5383B61-6B84-4EF0-840A-38132152D8C1}
		{8C91C832-D3E0-41B9-BEF1-4B2EF014F713} = {DB0E980B-DF49-4D95-8233-F0AE66CADD99}
	EndGlobalSection
EndGlobal
