
Microsoft Visual Studio Solution File, Format Version 12.00
# Visual Studio 2012
Project("{2150E333-8FDC-42A3-9474-1A3956D46DE8}") = ".nuget", ".nuget", "{9F01B93F-0AEC-4533-A48D-7D386C8E8041}"
	ProjectSection(SolutionItems) = preProject
		.nuget\NuGet.Config = .nuget\NuGet.Config
		.nuget\NuGet.exe = .nuget\NuGet.exe
		.nuget\NuGet.targets = .nuget\NuGet.targets
	EndProjectSection
EndProject
Project("{2150E333-8FDC-42A3-9474-1A3956D46DE8}") = "VetMed", "VetMed", "{7F788BE7-5A54-4A0F-AC5A-9B3413A2A1B1}"
	ProjectSection(SolutionItems) = preProject
		README.txt = README.txt
	EndProjectSection
EndProject
Project("{2150E333-8FDC-42A3-9474-1A3956D46DE8}") = "Tests", "Tests", "{5DF51CCE-C737-4F01-BDCB-4F86A8B0805D}"
EndProject
Project("{FAE04EC0-301F-11D3-BF4B-00C04F79EFBC}") = "VetMed.Tests", "VetMed.Tests\VetMed.Tests.csproj", "{3EE18366-E7E6-4F21-ADD5-A0C900FC2D41}"
EndProject
Project("{2150E333-8FDC-42A3-9474-1A3956D46DE8}") = "Model", "Model", "{DA4682AB-B5DB-48DE-A6E5-913DDA8A6AEF}"
EndProject
Project("{FAE04EC0-301F-11D3-BF4B-00C04F79EFBC}") = "VetMed.Model", "VetMed.Model\VetMed.Model.csproj", "{1FA3304D-BA1D-4D3C-AE41-DD80D1AC31FC}"
EndProject
Project("{2150E333-8FDC-42A3-9474-1A3956D46DE8}") = "PerfectPet", "PerfectPet", "{F2BC0A3B-734E-42DB-95AE-1E12C237D7E9}"
EndProject
Project("{2150E333-8FDC-42A3-9474-1A3956D46DE8}") = "Domain", "Domain", "{E8C74184-67F6-4ADB-877E-86DB605B16C2}"
EndProject
Project("{FAE04EC0-301F-11D3-BF4B-00C04F79EFBC}") = "PerfectPet.Model", "PerfectPet.Model\PerfectPet.Model.csproj", "{F01A014E-3AB4-40EE-A90C-E57150A0ACBE}"
EndProject
Project("{2150E333-8FDC-42A3-9474-1A3956D46DE8}") = "Tests", "Tests", "{F55A64AA-ABCD-488D-ABAA-6E131B536FAE}"
EndProject
Project("{FAE04EC0-301F-11D3-BF4B-00C04F79EFBC}") = "PerfectPet.Tests", "PerfectPet.Tests\PerfectPet.Tests.csproj", "{EC3FEF62-2933-4726-B353-B875B0754999}"
EndProject
Project("{2150E333-8FDC-42A3-9474-1A3956D46DE8}") = "UI", "UI", "{36911F38-7BBF-482E-A731-6380CD052838}"
EndProject
Project("{2150E333-8FDC-42A3-9474-1A3956D46DE8}") = "Desktop", "Desktop", "{F0B16422-95A1-44E0-8957-813354F112DD}"
EndProject
Project("{FAE04EC0-301F-11D3-BF4B-00C04F79EFBC}") = "PerfectPet", "PerfectPet\PerfectPet.csproj", "{0B268F4D-DC50-425C-B332-703B52157106}"
EndProject
Project("{2150E333-8FDC-42A3-9474-1A3956D46DE8}") = "Web", "Web", "{1587946E-8B18-40ED-8688-166B54BA43A4}"
EndProject
Project("{2150E333-8FDC-42A3-9474-1A3956D46DE8}") = "UI", "UI", "{6015F8A1-F21B-4A8A-8640-42F45C36D20F}"
EndProject
Project("{FAE04EC0-301F-11D3-BF4B-00C04F79EFBC}") = "StaticConsulting.Web", "UI\Web\StaticConsulting.Web.csproj", "{6730F776-CA89-4AC5-AA95-C5B52959B818}"
EndProject
Project("{FAE04EC0-301F-11D3-BF4B-00C04F79EFBC}") = "Web.Tests", "UI\Web.Tests\Web.Tests.csproj", "{C7DEA242-1F46-409A-8074-EDE4B2C826A3}"
EndProject
Project("{2150E333-8FDC-42A3-9474-1A3956D46DE8}") = "Domain", "Domain", "{FFB7CC24-AB69-4B6C-83DB-F1B74555974E}"
EndProject
Project("{FAE04EC0-301F-11D3-BF4B-00C04F79EFBC}") = "StaticConsulting.Model", "Domain\StaticConsulting.Model\StaticConsulting.Model.csproj", "{1D3A004D-3797-4C01-A099-C99525456D46}"
EndProject
Project("{2150E333-8FDC-42A3-9474-1A3956D46DE8}") = "Validation", "Validation", "{AD9DB4A3-33A7-4F25-9DAE-2CFE680AA790}"
EndProject
Project("{FAE04EC0-301F-11D3-BF4B-00C04F79EFBC}") = "ValidationFramework", "ValidationFramework\ValidationFramework.csproj", "{54E9E5EF-D10F-4D66-A313-E640CD830A4A}"
EndProject
Global
	GlobalSection(SolutionConfigurationPlatforms) = preSolution
		Debug|Any CPU = Debug|Any CPU
		Release|Any CPU = Release|Any CPU
	EndGlobalSection
	GlobalSection(ProjectConfigurationPlatforms) = postSolution
		{3EE18366-E7E6-4F21-ADD5-A0C900FC2D41}.Debug|Any CPU.ActiveCfg = Debug|Any CPU
		{3EE18366-E7E6-4F21-ADD5-A0C900FC2D41}.Debug|Any CPU.Build.0 = Debug|Any CPU
		{3EE18366-E7E6-4F21-ADD5-A0C900FC2D41}.Release|Any CPU.ActiveCfg = Release|Any CPU
		{3EE18366-E7E6-4F21-ADD5-A0C900FC2D41}.Release|Any CPU.Build.0 = Release|Any CPU
		{1FA3304D-BA1D-4D3C-AE41-DD80D1AC31FC}.Debug|Any CPU.ActiveCfg = Debug|Any CPU
		{1FA3304D-BA1D-4D3C-AE41-DD80D1AC31FC}.Debug|Any CPU.Build.0 = Debug|Any CPU
		{1FA3304D-BA1D-4D3C-AE41-DD80D1AC31FC}.Release|Any CPU.ActiveCfg = Release|Any CPU
		{1FA3304D-BA1D-4D3C-AE41-DD80D1AC31FC}.Release|Any CPU.Build.0 = Release|Any CPU
		{F01A014E-3AB4-40EE-A90C-E57150A0ACBE}.Debug|Any CPU.ActiveCfg = Debug|Any CPU
		{F01A014E-3AB4-40EE-A90C-E57150A0ACBE}.Debug|Any CPU.Build.0 = Debug|Any CPU
		{F01A014E-3AB4-40EE-A90C-E57150A0ACBE}.Release|Any CPU.ActiveCfg = Release|Any CPU
		{F01A014E-3AB4-40EE-A90C-E57150A0ACBE}.Release|Any CPU.Build.0 = Release|Any CPU
		{EC3FEF62-2933-4726-B353-B875B0754999}.Debug|Any CPU.ActiveCfg = Debug|Any CPU
		{EC3FEF62-2933-4726-B353-B875B0754999}.Debug|Any CPU.Build.0 = Debug|Any CPU
		{EC3FEF62-2933-4726-B353-B875B0754999}.Release|Any CPU.ActiveCfg = Release|Any CPU
		{EC3FEF62-2933-4726-B353-B875B0754999}.Release|Any CPU.Build.0 = Release|Any CPU
		{0B268F4D-DC50-425C-B332-703B52157106}.Debug|Any CPU.ActiveCfg = Debug|Any CPU
		{0B268F4D-DC50-425C-B332-703B52157106}.Debug|Any CPU.Build.0 = Debug|Any CPU
		{0B268F4D-DC50-425C-B332-703B52157106}.Release|Any CPU.ActiveCfg = Release|Any CPU
		{0B268F4D-DC50-425C-B332-703B52157106}.Release|Any CPU.Build.0 = Release|Any CPU
		{6730F776-CA89-4AC5-AA95-C5B52959B818}.Debug|Any CPU.ActiveCfg = Debug|Any CPU
		{6730F776-CA89-4AC5-AA95-C5B52959B818}.Debug|Any CPU.Build.0 = Debug|Any CPU
		{6730F776-CA89-4AC5-AA95-C5B52959B818}.Release|Any CPU.ActiveCfg = Release|Any CPU
		{6730F776-CA89-4AC5-AA95-C5B52959B818}.Release|Any CPU.Build.0 = Release|Any CPU
		{C7DEA242-1F46-409A-8074-EDE4B2C826A3}.Debug|Any CPU.ActiveCfg = Debug|Any CPU
		{C7DEA242-1F46-409A-8074-EDE4B2C826A3}.Debug|Any CPU.Build.0 = Debug|Any CPU
		{C7DEA242-1F46-409A-8074-EDE4B2C826A3}.Release|Any CPU.ActiveCfg = Release|Any CPU
		{C7DEA242-1F46-409A-8074-EDE4B2C826A3}.Release|Any CPU.Build.0 = Release|Any CPU
		{1D3A004D-3797-4C01-A099-C99525456D46}.Debug|Any CPU.ActiveCfg = Debug|Any CPU
		{1D3A004D-3797-4C01-A099-C99525456D46}.Debug|Any CPU.Build.0 = Debug|Any CPU
		{1D3A004D-3797-4C01-A099-C99525456D46}.Release|Any CPU.ActiveCfg = Release|Any CPU
		{1D3A004D-3797-4C01-A099-C99525456D46}.Release|Any CPU.Build.0 = Release|Any CPU
		{54E9E5EF-D10F-4D66-A313-E640CD830A4A}.Debug|Any CPU.ActiveCfg = Debug|Any CPU
		{54E9E5EF-D10F-4D66-A313-E640CD830A4A}.Debug|Any CPU.Build.0 = Debug|Any CPU
		{54E9E5EF-D10F-4D66-A313-E640CD830A4A}.Release|Any CPU.ActiveCfg = Release|Any CPU
		{54E9E5EF-D10F-4D66-A313-E640CD830A4A}.Release|Any CPU.Build.0 = Release|Any CPU
	EndGlobalSection
	GlobalSection(SolutionProperties) = preSolution
		HideSolutionNode = FALSE
	EndGlobalSection
	GlobalSection(NestedProjects) = preSolution
		{5DF51CCE-C737-4F01-BDCB-4F86A8B0805D} = {7F788BE7-5A54-4A0F-AC5A-9B3413A2A1B1}
		{DA4682AB-B5DB-48DE-A6E5-913DDA8A6AEF} = {7F788BE7-5A54-4A0F-AC5A-9B3413A2A1B1}
		{3EE18366-E7E6-4F21-ADD5-A0C900FC2D41} = {5DF51CCE-C737-4F01-BDCB-4F86A8B0805D}
		{1FA3304D-BA1D-4D3C-AE41-DD80D1AC31FC} = {DA4682AB-B5DB-48DE-A6E5-913DDA8A6AEF}
		{E8C74184-67F6-4ADB-877E-86DB605B16C2} = {F2BC0A3B-734E-42DB-95AE-1E12C237D7E9}
		{F55A64AA-ABCD-488D-ABAA-6E131B536FAE} = {F2BC0A3B-734E-42DB-95AE-1E12C237D7E9}
		{36911F38-7BBF-482E-A731-6380CD052838} = {F2BC0A3B-734E-42DB-95AE-1E12C237D7E9}
		{F01A014E-3AB4-40EE-A90C-E57150A0ACBE} = {E8C74184-67F6-4ADB-877E-86DB605B16C2}
		{EC3FEF62-2933-4726-B353-B875B0754999} = {F55A64AA-ABCD-488D-ABAA-6E131B536FAE}
		{F0B16422-95A1-44E0-8957-813354F112DD} = {36911F38-7BBF-482E-A731-6380CD052838}
		{1587946E-8B18-40ED-8688-166B54BA43A4} = {36911F38-7BBF-482E-A731-6380CD052838}
		{0B268F4D-DC50-425C-B332-703B52157106} = {F0B16422-95A1-44E0-8957-813354F112DD}
		{6730F776-CA89-4AC5-AA95-C5B52959B818} = {6015F8A1-F21B-4A8A-8640-42F45C36D20F}
		{C7DEA242-1F46-409A-8074-EDE4B2C826A3} = {6015F8A1-F21B-4A8A-8640-42F45C36D20F}
		{1D3A004D-3797-4C01-A099-C99525456D46} = {FFB7CC24-AB69-4B6C-83DB-F1B74555974E}
		{54E9E5EF-D10F-4D66-A313-E640CD830A4A} = {AD9DB4A3-33A7-4F25-9DAE-2CFE680AA790}
	EndGlobalSection
EndGlobal
